
Microsoft Visual Studio Solution File, Format Version 12.00
# Visual Studio Version 16
VisualStudioVersion = 16.0.30717.126
MinimumVisualStudioVersion = 10.0.40219.1
Project("{FAE04EC0-301F-11D3-BF4B-00C04F79EFBC}") = "WebApplicationGB2_2", "WebApplicationGB2_2\WebApplicationGB2_2.csproj", "{D80707CE-EAB0-49C3-8B91-2B3810A3DBE9}"
EndProject
Global
	GlobalSection(SolutionConfigurationPlatforms) = preSolution
		Debug|Any CPU = Debug|Any CPU
		Release|Any CPU = Release|Any CPU
	EndGlobalSection
	GlobalSection(ProjectConfigurationPlatforms) = postSolution
		{D80707CE-EAB0-49C3-8B91-2B3810A3DBE9}.Debug|Any CPU.ActiveCfg = Debug|Any CPU
		{D80707CE-EAB0-49C3-8B91-2B3810A3DBE9}.Debug|Any CPU.Build.0 = Debug|Any CPU
		{D80707CE-EAB0-49C3-8B91-2B3810A3DBE9}.Release|Any CPU.ActiveCfg = Release|Any CPU
		{D80707CE-EAB0-49C3-8B91-2B3810A3DBE9}.Release|Any CPU.Build.0 = Release|Any CPU
	EndGlobalSection
	GlobalSection(SolutionProperties) = preSolution
		HideSolutionNode = FALSE
	EndGlobalSection
	GlobalSection(ExtensibilityGlobals) = postSolution
		SolutionGuid = {0BF5F96E-8996-4AB8-9ED6-F285AFEBE403}
	EndGlobalSection
EndGlobal
